
Microsoft Visual Studio Solution File, Format Version 12.00
# Visual Studio 15
VisualStudioVersion = 15.0.27130.2010
MinimumVisualStudioVersion = 10.0.40219.1
Project("{2150E333-8FDC-42A3-9474-1A3956D46DE8}") = "Src", "Src", "{CB97E991-2605-45DC-844D-6843C0B6D4C2}"
EndProject
Project("{2150E333-8FDC-42A3-9474-1A3956D46DE8}") = "examples", "examples", "{1EF4DBCD-C35B-4048-9248-7A5B33F19952}"
EndProject
Project("{2150E333-8FDC-42A3-9474-1A3956D46DE8}") = "Solution Items", "Solution Items", "{F99E38C0-5BF8-48EB-9365-88B744DF90BA}"
	ProjectSection(SolutionItems) = preProject
		README.md = README.md
	EndProjectSection
EndProject
Project("{9A19103F-16F7-4668-BE54-9A1E7A4F7556}") = "Agora.DynamicKey", "Agora.DynamicKey\Agora.DynamicKey.csproj", "{51F7D540-1075-4FC6-ADB6-EC907567D702}"
EndProject
Project("{9A19103F-16F7-4668-BE54-9A1E7A4F7556}") = "Agora.DynamicKeyTest", "Agora.DynamicKeyTest\Agora.DynamicKeyTest.csproj", "{DC68959E-184E-41D1-A06D-A875F812F96C}"
EndProject
Global
	GlobalSection(SolutionConfigurationPlatforms) = preSolution
		Debug|Any CPU = Debug|Any CPU
		Release|Any CPU = Release|Any CPU
	EndGlobalSection
	GlobalSection(ProjectConfigurationPlatforms) = postSolution
		{51F7D540-1075-4FC6-ADB6-EC907567D702}.Debug|Any CPU.ActiveCfg = Debug|Any CPU
		{51F7D540-1075-4FC6-ADB6-EC907567D702}.Debug|Any CPU.Build.0 = Debug|Any CPU
		{51F7D540-1075-4FC6-ADB6-EC907567D702}.Release|Any CPU.ActiveCfg = Release|Any CPU
		{51F7D540-1075-4FC6-ADB6-EC907567D702}.Release|Any CPU.Build.0 = Release|Any CPU
		{DC68959E-184E-41D1-A06D-A875F812F96C}.Debug|Any CPU.ActiveCfg = Debug|Any CPU
		{DC68959E-184E-41D1-A06D-A875F812F96C}.Debug|Any CPU.Build.0 = Debug|Any CPU
		{DC68959E-184E-41D1-A06D-A875F812F96C}.Release|Any CPU.ActiveCfg = Release|Any CPU
		{DC68959E-184E-41D1-A06D-A875F812F96C}.Release|Any CPU.Build.0 = Release|Any CPU
	EndGlobalSection
	GlobalSection(SolutionProperties) = preSolution
		HideSolutionNode = FALSE
	EndGlobalSection
	GlobalSection(NestedProjects) = preSolution
		{51F7D540-1075-4FC6-ADB6-EC907567D702} = {CB97E991-2605-45DC-844D-6843C0B6D4C2}
		{DC68959E-184E-41D1-A06D-A875F812F96C} = {1EF4DBCD-C35B-4048-9248-7A5B33F19952}
	EndGlobalSection
	GlobalSection(ExtensibilityGlobals) = postSolution
		SolutionGuid = {A98A04BF-38B5-4FB9-A8F7-2B431635C475}
	EndGlobalSection
EndGlobal
